// !$*UTF8*$!
{
	archiveVersion = 1;
	classes = {
	};
	objectVersion = 50;
	objects = {

/* Begin PBXBuildFile section */
		CCD4A04F22DCB98300DEA5BA /* AppDelegate.swift in Sources */ = {isa = PBXBuildFile; fileRef = CCD4A04E22DCB98300DEA5BA /* AppDelegate.swift */; };
		CCD4A05122DCB98300DEA5BA /* ViewController.swift in Sources */ = {isa = PBXBuildFile; fileRef = CCD4A05022DCB98300DEA5BA /* ViewController.swift */; };
		CCD4A05422DCB98300DEA5BA /* Main.storyboard in Resources */ = {isa = PBXBuildFile; fileRef = CCD4A05222DCB98300DEA5BA /* Main.storyboard */; };
		CCD4A05722DCB98300DEA5BA /* Git_test_1.xcdatamodeld in Sources */ = {isa = PBXBuildFile; fileRef = CCD4A05522DCB98300DEA5BA /* Git_test_1.xcdatamodeld */; };
		CCD4A05922DCB98E00DEA5BA /* Assets.xcassets in Resources */ = {isa = PBXBuildFile; fileRef = CCD4A05822DCB98E00DEA5BA /* Assets.xcassets */; };
		CCD4A05C22DCB98E00DEA5BA /* LaunchScreen.storyboard in Resources */ = {isa = PBXBuildFile; fileRef = CCD4A05A22DCB98E00DEA5BA /* LaunchScreen.storyboard */; };
/* End PBXBuildFile section */

/* Begin PBXFileReference section */
		CCD4A04B22DCB98300DEA5BA /* Git test 1.app */ = {isa = PBXFileReference; explicitFileType = wrapper.application; includeInIndex = 0; path = "Git test 1.app"; sourceTree = BUILT_PRODUCTS_DIR; };
		CCD4A04E22DCB98300DEA5BA /* AppDelegate.swift */ = {isa = PBXFileReference; lastKnownFileType = sourcecode.swift; path = AppDelegate.swift; sourceTree = "<group>"; };
		CCD4A05022DCB98300DEA5BA /* ViewController.swift */ = {isa = PBXFileReference; lastKnownFileType = sourcecode.swift; path = ViewController.swift; sourceTree = "<group>"; };
		CCD4A05322DCB98300DEA5BA /* Base */ = {isa = PBXFileReference; lastKnownFileType = file.storyboard; name = Base; path = Base.lproj/Main.storyboard; sourceTree = "<group>"; };
		CCD4A05622DCB98300DEA5BA /* Git_test_1.xcdatamodel */ = {isa = PBXFileReference; lastKnownFileType = wrapper.xcdatamodel; path = Git_test_1.xcdatamodel; sourceTree = "<group>"; };
		CCD4A05822DCB98E00DEA5BA /* Assets.xcassets */ = {isa = PBXFileReference; lastKnownFileType = folder.assetcatalog; path = Assets.xcassets; sourceTree = "<group>"; };
		CCD4A05B22DCB98E00DEA5BA /* Base */ = {isa = PBXFileReference; lastKnownFileType = file.storyboard; name = Base; path = Base.lproj/LaunchScreen.storyboard; sourceTree = "<group>"; };
		CCD4A05D22DCB98E00DEA5BA /* Info.plist */ = {isa = PBXFileReference; lastKnownFileType = text.plist.xml; path = Info.plist; sourceTree = "<group>"; };
/* End PBXFileReference section */

/* Begin PBXFrameworksBuildPhase section */
		CCD4A04822DCB98300DEA5BA /* Frameworks */ = {
			isa = PBXFrameworksBuildPhase;
			buildActionMask = 2147483647;
			files = (
			);
			runOnlyForDeploymentPostprocessing = 0;
		};
/* End PBXFrameworksBuildPhase section */

/* Begin PBXGroup section */
		CCD4A04222DCB98300DEA5BA = {
			isa = PBXGroup;
			children = (
				CCD4A04D22DCB98300DEA5BA /* Git test 1 */,
				CCD4A04C22DCB98300DEA5BA /* Products */,
			);
			sourceTree = "<group>";
		};
		CCD4A04C22DCB98300DEA5BA /* Products */ = {
			isa = PBXGroup;
			children = (
				CCD4A04B22DCB98300DEA5BA /* Git test 1.app */,
			);
			name = Products;
			sourceTree = "<group>";
		};
		CCD4A04D22DCB98300DEA5BA /* Git test 1 */ = {
			isa = PBXGroup;
			children = (
				CCD4A04E22DCB98300DEA5BA /* AppDelegate.swift */,
				CCD4A05022DCB98300DEA5BA /* ViewController.swift */,
				CCD4A05222DCB98300DEA5BA /* Main.storyboard */,
				CCD4A05822DCB98E00DEA5BA /* Assets.xcassets */,
				CCD4A05A22DCB98E00DEA5BA /* LaunchScreen.storyboard */,
				CCD4A05D22DCB98E00DEA5BA /* Info.plist */,
				CCD4A05522DCB98300DEA5BA /* Git_test_1.xcdatamodeld */,
			);
			path = "Git test 1";
			sourceTree = "<group>";
		};
/* End PBXGroup section */

/* Begin PBXNativeTarget section */
		CCD4A04A22DCB98300DEA5BA /* Git test 1 */ = {
			isa = PBXNativeTarget;
			buildConfigurationList = CCD4A06022DCB98E00DEA5BA /* Build configuration list for PBXNativeTarget "Git test 1" */;
			buildPhases = (
				CCD4A04722DCB98300DEA5BA /* Sources */,
				CCD4A04822DCB98300DEA5BA /* Frameworks */,
				CCD4A04922DCB98300DEA5BA /* Resources */,
			);
			buildRules = (
			);
			dependencies = (
			);
			name = "Git test 1";
			productName = "Git test 1";
			productReference = CCD4A04B22DCB98300DEA5BA /* Git test 1.app */;
			productType = "com.apple.product-type.application";
		};
/* End PBXNativeTarget section */

/* Begin PBXProject section */
		CCD4A04322DCB98300DEA5BA /* Project object */ = {
			isa = PBXProject;
			attributes = {
				LastSwiftUpdateCheck = 1010;
				LastUpgradeCheck = 1010;
				ORGANIZATIONNAME = "Girls Who Code";
				TargetAttributes = {
					CCD4A04A22DCB98300DEA5BA = {
						CreatedOnToolsVersion = 10.1;
					};
				};
			};
			buildConfigurationList = CCD4A04622DCB98300DEA5BA /* Build configuration list for PBXProject "Git test 1" */;
			compatibilityVersion = "Xcode 9.3";
			developmentRegion = en;
			hasScannedForEncodings = 0;
			knownRegions = (
				en,
				Base,
			);
			mainGroup = CCD4A04222DCB98300DEA5BA;
			productRefGroup = CCD4A04C22DCB98300DEA5BA /* Products */;
			projectDirPath = "";
			projectRoot = "";
			targets = (
				CCD4A04A22DCB98300DEA5BA /* Git test 1 */,
			);
		};
/* End PBXProject section */

/* Begin PBXResourcesBuildPhase section */
		CCD4A04922DCB98300DEA5BA /* Resources */ = {
			isa = PBXResourcesBuildPhase;
			buildActionMask = 2147483647;
			files = (
				CCD4A05C22DCB98E00DEA5BA /* LaunchScreen.storyboard in Resources */,
				CCD4A05922DCB98E00DEA5BA /* Assets.xcassets in Resources */,
				CCD4A05422DCB98300DEA5BA /* Main.storyboard in Resources */,
			);
			runOnlyForDeploymentPostprocessing = 0;
		};
/* End PBXResourcesBuildPhase section */

/* Begin PBXSourcesBuildPhase section */
		CCD4A04722DCB98300DEA5BA /* Sources */ = {
			isa = PBXSourcesBuildPhase;
			buildActionMask = 2147483647;
			files = (
				CCD4A05122DCB98300DEA5BA /* ViewController.swift in Sources */,
				CCD4A05722DCB98300DEA5BA /* Git_test_1.xcdatamodeld in Sources */,
				CCD4A04F22DCB98300DEA5BA /* AppDelegate.swift in Sources */,
			);
			runOnlyForDeploymentPostprocessing = 0;
		};
/* End PBXSourcesBuildPhase section */

/* Begin PBXVariantGroup section */
		CCD4A05222DCB98300DEA5BA /* Main.storyboard */ = {
			isa = PBXVariantGroup;
			children = (
				CCD4A05322DCB98300DEA5BA /* Base */,
			);
			name = Main.storyboard;
			sourceTree = "<group>";
		};
		CCD4A05A22DCB98E00DEA5BA /* LaunchScreen.storyboard */ = {
			isa = PBXVariantGroup;
			children = (
				CCD4A05B22DCB98E00DEA5BA /* Base */,
			);
			name = LaunchScreen.storyboard;
			sourceTree = "<group>";
		};
/* End PBXVariantGroup section */

/* Begin XCBuildConfiguration section */
		CCD4A05E22DCB98E00DEA5BA /* Debug */ = {
			isa = XCBuildConfiguration;
			buildSettings = {
				ALWAYS_SEARCH_USER_PATHS = NO;
				CLANG_ANALYZER_NONNULL = YES;
				CLANG_ANALYZER_NUMBER_OBJECT_CONVERSION = YES_AGGRESSIVE;
				CLANG_CXX_LANGUAGE_STANDARD = "gnu++14";
				CLANG_CXX_LIBRARY = "libc++";
				CLANG_ENABLE_MODULES = YES;
				CLANG_ENABLE_OBJC_ARC = YES;
				CLANG_ENABLE_OBJC_WEAK = YES;
				CLANG_WARN_BLOCK_CAPTURE_AUTORELEASING = YES;
				CLANG_WARN_BOOL_CONVERSION = YES;
				CLANG_WARN_COMMA = YES;
				CLANG_WARN_CONSTANT_CONVERSION = YES;
				CLANG_WARN_DEPRECATED_OBJC_IMPLEMENTATIONS = YES;
				CLANG_WARN_DIRECT_OBJC_ISA_USAGE = YES_ERROR;
				CLANG_WARN_DOCUMENTATION_COMMENTS = YES;
				CLANG_WARN_EMPTY_BODY = YES;
				CLANG_WARN_ENUM_CONVERSION = YES;
				CLANG_WARN_INFINITE_RECURSION = YES;
				CLANG_WARN_INT_CONVERSION = YES;
				CLANG_WARN_NON_LITERAL_NULL_CONVERSION = YES;
				CLANG_WARN_OBJC_IMPLICIT_RETAIN_SELF = YES;
				CLANG_WARN_OBJC_LITERAL_CONVERSION = YES;
				CLANG_WARN_OBJC_ROOT_CLASS = YES_ERROR;
				CLANG_WARN_RANGE_LOOP_ANALYSIS = YES;
				CLANG_WARN_STRICT_PROTOTYPES = YES;
				CLANG_WARN_SUSPICIOUS_MOVE = YES;
				CLANG_WARN_UNGUARDED_AVAILABILITY = YES_AGGRESSIVE;
				CLANG_WARN_UNREACHABLE_CODE = YES;
				CLANG_WARN__DUPLICATE_METHOD_MATCH = YES;
				CODE_SIGN_IDENTITY = "iPhone Developer";
				COPY_PHASE_STRIP = NO;
				DEBUG_INFORMATION_FORMAT = dwarf;
				ENABLE_STRICT_OBJC_MSGSEND = YES;
				ENABLE_TESTABILITY = YES;
				GCC_C_LANGUAGE_STANDARD = gnu11;
				GCC_DYNAMIC_NO_PIC = NO;
				GCC_NO_COMMON_BLOCKS = YES;
				GCC_OPTIMIZATION_LEVEL = 0;
				GCC_PREPROCESSOR_DEFINITIONS = (
					"DEBUG=1",
					"$(inherited)",
				);
				GCC_WARN_64_TO_32_BIT_CONVERSION = YES;
				GCC_WARN_ABOUT_RETURN_TYPE = YES_ERROR;
				GCC_WARN_UNDECLARED_SELECTOR = YES;
				GCC_WARN_UNINITIALIZED_AUTOS = YES_AGGRESSIVE;
				GCC_WARN_UNUSED_FUNCTION = YES;
				GCC_WARN_UNUSED_VARIABLE = YES;
				IPHONEOS_DEPLOYMENT_TARGET = 12.1;
				MTL_ENABLE_DEBUG_INFO = INCLUDE_SOURCE;
				MTL_FAST_MATH = YES;
				ONLY_ACTIVE_ARCH = YES;
				SDKROOT = iphoneos;
				SWIFT_ACTIVE_COMPILATION_CONDITIONS = DEBUG;
				SWIFT_OPTIMIZATION_LEVEL = "-Onone";
			};
			name = Debug;
		};
		CCD4A05F22DCB98E00DEA5BA /* Release */ = {
			isa = XCBuildConfiguration;
			buildSettings = {
				ALWAYS_SEARCH_USER_PATHS = NO;
				CLANG_ANALYZER_NONNULL = YES;
				CLANG_ANALYZER_NUMBER_OBJECT_CONVERSION = YES_AGGRESSIVE;
				CLANG_CXX_LANGUAGE_STANDARD = "gnu++14";
				CLANG_CXX_LIBRARY = "libc++";
				CLANG_ENABLE_MODULES = YES;
				CLANG_ENABLE_OBJC_ARC = YES;
				CLANG_ENABLE_OBJC_WEAK = YES;
				CLANG_WARN_BLOCK_CAPTURE_AUTORELEASING = YES;
				CLANG_WARN_BOOL_CONVERSION = YES;
				CLANG_WARN_COMMA = YES;
				CLANG_WARN_CONSTANT_CONVERSION = YES;
				CLANG_WARN_DEPRECATED_OBJC_IMPLEMENTATIONS = YES;
				CLANG_WARN_DIRECT_OBJC_ISA_USAGE = YES_ERROR;
				CLANG_WARN_DOCUMENTATION_COMMENTS = YES;
				CLANG_WARN_EMPTY_BODY = YES;
				CLANG_WARN_ENUM_CONVERSION = YES;
				CLANG_WARN_INFINITE_RECURSION = YES;
				CLANG_WARN_INT_CONVERSION = YES;
				CLANG_WARN_NON_LITERAL_NULL_CONVERSION = YES;
				CLANG_WARN_OBJC_IMPLICIT_RETAIN_SELF = YES;
				CLANG_WARN_OBJC_LITERAL_CONVERSION = YES;
				CLANG_WARN_OBJC_ROOT_CLASS = YES_ERROR;
				CLANG_WARN_RANGE_LOOP_ANALYSIS = YES;
				CLANG_WARN_STRICT_PROTOTYPES = YES;
				CLANG_WARN_SUSPICIOUS_MOVE = YES;
				CLANG_WARN_UNGUARDED_AVAILABILITY = YES_AGGRESSIVE;
				CLANG_WARN_UNREACHABLE_CODE = YES;
				CLANG_WARN__DUPLICATE_METHOD_MATCH = YES;
				CODE_SIGN_IDENTITY = "iPhone Developer";
				COPY_PHASE_STRIP = NO;
				DEBUG_INFORMATION_FORMAT = "dwarf-with-dsym";
				ENABLE_NS_ASSERTIONS = NO;
				ENABLE_STRICT_OBJC_MSGSEND = YES;
				GCC_C_LANGUAGE_STANDARD = gnu11;
				GCC_NO_COMMON_BLOCKS = YES;
				GCC_WARN_64_TO_32_BIT_CONVERSION = YES;
				GCC_WARN_ABOUT_RETURN_TYPE = YES_ERROR;
				GCC_WARN_UNDECLARED_SELECTOR = YES;
				GCC_WARN_UNINITIALIZED_AUTOS = YES_AGGRESSIVE;
				GCC_WARN_UNUSED_FUNCTION = YES;
				GCC_WARN_UNUSED_VARIABLE = YES;
				IPHONEOS_DEPLOYMENT_TARGET = 12.1;
				MTL_ENABLE_DEBUG_INFO = NO;
				MTL_FAST_MATH = YES;
				SDKROOT = iphoneos;
				SWIFT_COMPILATION_MODE = wholemodule;
				SWIFT_OPTIMIZATION_LEVEL = "-O";
				VALIDATE_PRODUCT = YES;
			};
			name = Release;
		};
		CCD4A06122DCB98E00DEA5BA /* Debug */ = {
			isa = XCBuildConfiguration;
			buildSettings = {
				ASSETCATALOG_COMPILER_APPICON_NAME = AppIcon;
				CODE_SIGN_STYLE = Automatic;
				INFOPLIST_FILE = "Git test 1/Info.plist";
				LD_RUNPATH_SEARCH_PATHS = (
					"$(inherited)",
					"@executable_path/Frameworks",
				);
				PRODUCT_BUNDLE_IDENTIFIER = "com.joselyn.Git-test-1";
				PRODUCT_NAME = "$(TARGET_NAME)";
				SWIFT_VERSION = 4.2;
				TARGETED_DEVICE_FAMILY = "1,2";
			};
			name = Debug;
		};
		CCD4A06222DCB98E00DEA5BA /* Release */ = {
			isa = XCBuildConfiguration;
			buildSettings = {
				ASSETCATALOG_COMPILER_APPICON_NAME = AppIcon;
				CODE_SIGN_STYLE = Automatic;
				INFOPLIST_FILE = "Git test 1/Info.plist";
				LD_RUNPATH_SEARCH_PATHS = (
					"$(inherited)",
					"@executable_path/Frameworks",
				);
				PRODUCT_BUNDLE_IDENTIFIER = "com.joselyn.Git-test-1";
				PRODUCT_NAME = "$(TARGET_NAME)";
				SWIFT_VERSION = 4.2;
				TARGETED_DEVICE_FAMILY = "1,2";
			};
			name = Release;
		};
/* End XCBuildConfiguration section */

/* Begin XCConfigurationList section */
		CCD4A04622DCB98300DEA5BA /* Build configuration list for PBXProject "Git test 1" */ = {
			isa = XCConfigurationList;
			buildConfigurations = (
				CCD4A05E22DCB98E00DEA5BA /* Debug */,
				CCD4A05F22DCB98E00DEA5BA /* Release */,
			);
			defaultConfigurationIsVisible = 0;
			defaultConfigurationName = Release;
		};
		CCD4A06022DCB98E00DEA5BA /* Build configuration list for PBXNativeTarget "Git test 1" */ = {
			isa = XCConfigurationList;
			buildConfigurations = (
				CCD4A06122DCB98E00DEA5BA /* Debug */,
				CCD4A06222DCB98E00DEA5BA /* Release */,
			);
			defaultConfigurationIsVisible = 0;
			defaultConfigurationName = Release;
		};
/* End XCConfigurationList section */

/* Begin XCVersionGroup section */
		CCD4A05522DCB98300DEA5BA /* Git_test_1.xcdatamodeld */ = {
			isa = XCVersionGroup;
			children = (
				CCD4A05622DCB98300DEA5BA /* Git_test_1.xcdatamodel */,
			);
			currentVersion = CCD4A05622DCB98300DEA5BA /* Git_test_1.xcdatamodel */;
			path = Git_test_1.xcdatamodeld;
			sourceTree = "<group>";
			versionGroupType = wrapper.xcdatamodel;
		};
/* End XCVersionGroup section */
	};
	rootObject = CCD4A04322DCB98300DEA5BA /* Project object */;
}
